
Microsoft Visual Studio Solution File, Format Version 12.00
# Visual Studio 2013
VisualStudioVersion = 12.0.31101.0
MinimumVisualStudioVersion = 10.0.40219.1
Project("{FAE04EC0-301F-11D3-BF4B-00C04F79EFBC}") = "CSharpOnlineMVC", "CSharpOnlineMVC\CSharpOnlineMVC.csproj", "{8C1B28FE-FE63-43DD-A526-62C81EBFC620}"
EndProject
Project("{FAE04EC0-301F-11D3-BF4B-00C04F79EFBC}") = "CSharpOnlineMVC.Model", "CSharpOnlineMVC.Model\CSharpOnlineMVC.Model.csproj", "{8605B81F-10C8-4E27-8470-47EB691199B7}"
EndProject
Global
	GlobalSection(TeamFoundationVersionControl) = preSolution
		SccNumberOfProjects = 3
		SccEnterpriseProvider = {4CA58AB2-18FA-4F8D-95D4-32DDF27D184C}
		SccTeamFoundationServer = https://tfs.codeplex.com/tfs/tfs36
		SccLocalPath0 = .
		SccProjectUniqueName1 = CSharpOnlineMVC\\CSharpOnlineMVC.csproj
		SccProjectName1 = CSharpOnlineMVC
		SccLocalPath1 = CSharpOnlineMVC
		SccProjectUniqueName2 = CSharpOnlineMVC.Model\\CSharpOnlineMVC.Model.csproj
		SccProjectName2 = CSharpOnlineMVC.Model
		SccLocalPath2 = CSharpOnlineMVC.Model
	EndGlobalSection
	GlobalSection(SolutionConfigurationPlatforms) = preSolution
		Debug|Any CPU = Debug|Any CPU
		Release|Any CPU = Release|Any CPU
	EndGlobalSection
	GlobalSection(ProjectConfigurationPlatforms) = postSolution
		{8C1B28FE-FE63-43DD-A526-62C81EBFC620}.Debug|Any CPU.ActiveCfg = Debug|Any CPU
		{8C1B28FE-FE63-43DD-A526-62C81EBFC620}.Debug|Any CPU.Build.0 = Debug|Any CPU
		{8C1B28FE-FE63-43DD-A526-62C81EBFC620}.Release|Any CPU.ActiveCfg = Release|Any CPU
		{8C1B28FE-FE63-43DD-A526-62C81EBFC620}.Release|Any CPU.Build.0 = Release|Any CPU
		{8605B81F-10C8-4E27-8470-47EB691199B7}.Debug|Any CPU.ActiveCfg = Debug|Any CPU
		{8605B81F-10C8-4E27-8470-47EB691199B7}.Debug|Any CPU.Build.0 = Debug|Any CPU
		{8605B81F-10C8-4E27-8470-47EB691199B7}.Release|Any CPU.ActiveCfg = Release|Any CPU
		{8605B81F-10C8-4E27-8470-47EB691199B7}.Release|Any CPU.Build.0 = Release|Any CPU
	EndGlobalSection
	GlobalSection(SolutionProperties) = preSolution
		HideSolutionNode = FALSE
	EndGlobalSection
EndGlobal
